
Microsoft Visual Studio Solution File, Format Version 12.00
# Visual Studio Version 17
VisualStudioVersion = 17.11.35222.181
MinimumVisualStudioVersion = 10.0.40219.1
Project("{FAE04EC0-301F-11D3-BF4B-00C04F79EFBC}") = "Employee", "Employee.csproj", "{163CA8CC-348C-4112-8093-3D63E0ECB519}"
EndProject
Global
	GlobalSection(SolutionConfigurationPlatforms) = preSolution
		Debug|Any CPU = Debug|Any CPU
		Release|Any CPU = Release|Any CPU
	EndGlobalSection
	GlobalSection(ProjectConfigurationPlatforms) = postSolution
		{163CA8CC-348C-4112-8093-3D63E0ECB519}.Debug|Any CPU.ActiveCfg = Debug|Any CPU
		{163CA8CC-348C-4112-8093-3D63E0ECB519}.Debug|Any CPU.Build.0 = Debug|Any CPU
		{163CA8CC-348C-4112-8093-3D63E0ECB519}.Release|Any CPU.ActiveCfg = Release|Any CPU
		{163CA8CC-348C-4112-8093-3D63E0ECB519}.Release|Any CPU.Build.0 = Release|Any CPU
	EndGlobalSection
	GlobalSection(SolutionProperties) = preSolution
		HideSolutionNode = FALSE
	EndGlobalSection
	GlobalSection(ExtensibilityGlobals) = postSolution
		SolutionGuid = {777AC0BF-242F-48A3-A903-3939E5032762}
	EndGlobalSection
EndGlobal
